// !$*UTF8*$!
{
	archiveVersion = 1;
	classes = {
	};
	objectVersion = 50;
	objects = {

/* Begin PBXBuildFile section */
		42EC4E02255A51D700E923EB /* AppDelegate.swift in Sources */ = {isa = PBXBuildFile; fileRef = 42EC4E01255A51D700E923EB /* AppDelegate.swift */; };
		42EC4E04255A51D700E923EB /* SceneDelegate.swift in Sources */ = {isa = PBXBuildFile; fileRef = 42EC4E03255A51D700E923EB /* SceneDelegate.swift */; };
		42EC4E06255A51D700E923EB /* WeatherViewController.swift in Sources */ = {isa = PBXBuildFile; fileRef = 42EC4E05255A51D700E923EB /* WeatherViewController.swift */; };
		42EC4E09255A51D700E923EB /* Main.storyboard in Resources */ = {isa = PBXBuildFile; fileRef = 42EC4E07255A51D700E923EB /* Main.storyboard */; };
		42EC4E0B255A51D800E923EB /* Assets.xcassets in Resources */ = {isa = PBXBuildFile; fileRef = 42EC4E0A255A51D800E923EB /* Assets.xcassets */; };
		42EC4E0E255A51D800E923EB /* LaunchScreen.storyboard in Resources */ = {isa = PBXBuildFile; fileRef = 42EC4E0C255A51D800E923EB /* LaunchScreen.storyboard */; };
		42EC4E17255A53FC00E923EB /* ChangeCityViewController.swift in Sources */ = {isa = PBXBuildFile; fileRef = 42EC4E16255A53FC00E923EB /* ChangeCityViewController.swift */; };
/* End PBXBuildFile section */

/* Begin PBXFileReference section */
		42EC4DFE255A51D700E923EB /* Quick Weather.app */ = {isa = PBXFileReference; explicitFileType = wrapper.application; includeInIndex = 0; path = "Quick Weather.app"; sourceTree = BUILT_PRODUCTS_DIR; };
		42EC4E01255A51D700E923EB /* AppDelegate.swift */ = {isa = PBXFileReference; lastKnownFileType = sourcecode.swift; path = AppDelegate.swift; sourceTree = "<group>"; };
		42EC4E03255A51D700E923EB /* SceneDelegate.swift */ = {isa = PBXFileReference; lastKnownFileType = sourcecode.swift; path = SceneDelegate.swift; sourceTree = "<group>"; };
		42EC4E05255A51D700E923EB /* WeatherViewController.swift */ = {isa = PBXFileReference; lastKnownFileType = sourcecode.swift; path = WeatherViewController.swift; sourceTree = "<group>"; };
		42EC4E08255A51D700E923EB /* Base */ = {isa = PBXFileReference; lastKnownFileType = file.storyboard; name = Base; path = Base.lproj/Main.storyboard; sourceTree = "<group>"; };
		42EC4E0A255A51D800E923EB /* Assets.xcassets */ = {isa = PBXFileReference; lastKnownFileType = folder.assetcatalog; path = Assets.xcassets; sourceTree = "<group>"; };
		42EC4E0D255A51D800E923EB /* Base */ = {isa = PBXFileReference; lastKnownFileType = file.storyboard; name = Base; path = Base.lproj/LaunchScreen.storyboard; sourceTree = "<group>"; };
		42EC4E0F255A51D800E923EB /* Info.plist */ = {isa = PBXFileReference; lastKnownFileType = text.plist.xml; path = Info.plist; sourceTree = "<group>"; };
		42EC4E16255A53FC00E923EB /* ChangeCityViewController.swift */ = {isa = PBXFileReference; lastKnownFileType = sourcecode.swift; path = ChangeCityViewController.swift; sourceTree = "<group>"; };
/* End PBXFileReference section */

/* Begin PBXFrameworksBuildPhase section */
		42EC4DFB255A51D700E923EB /* Frameworks */ = {
			isa = PBXFrameworksBuildPhase;
			buildActionMask = 2147483647;
			files = (
			);
			runOnlyForDeploymentPostprocessing = 0;
		};
/* End PBXFrameworksBuildPhase section */

/* Begin PBXGroup section */
		42EC4DF5255A51D700E923EB = {
			isa = PBXGroup;
			children = (
				42EC4E00255A51D700E923EB /* Quick Weather */,
				42EC4DFF255A51D700E923EB /* Products */,
			);
			sourceTree = "<group>";
		};
		42EC4DFF255A51D700E923EB /* Products */ = {
			isa = PBXGroup;
			children = (
				42EC4DFE255A51D700E923EB /* Quick Weather.app */,
			);
			name = Products;
			sourceTree = "<group>";
		};
		42EC4E00255A51D700E923EB /* Quick Weather */ = {
			isa = PBXGroup;
			children = (
				42EC4E1B255A64A300E923EB /* View */,
				42EC4E1C255A64AD00E923EB /* Model */,
				42EC4E1D255A64C400E923EB /* Controller */,
				42EC4E0A255A51D800E923EB /* Assets.xcassets */,
				42EC4E0C255A51D800E923EB /* LaunchScreen.storyboard */,
				42EC4E0F255A51D800E923EB /* Info.plist */,
			);
			path = "Quick Weather";
			sourceTree = "<group>";
		};
		42EC4E1B255A64A300E923EB /* View */ = {
			isa = PBXGroup;
			children = (
				42EC4E07255A51D700E923EB /* Main.storyboard */,
			);
			path = View;
			sourceTree = "<group>";
		};
		42EC4E1C255A64AD00E923EB /* Model */ = {
			isa = PBXGroup;
			children = (
			);
			path = Model;
			sourceTree = "<group>";
		};
		42EC4E1D255A64C400E923EB /* Controller */ = {
			isa = PBXGroup;
			children = (
				42EC4E01255A51D700E923EB /* AppDelegate.swift */,
				42EC4E03255A51D700E923EB /* SceneDelegate.swift */,
				42EC4E05255A51D700E923EB /* WeatherViewController.swift */,
				42EC4E16255A53FC00E923EB /* ChangeCityViewController.swift */,
			);
			path = Controller;
			sourceTree = "<group>";
		};
/* End PBXGroup section */

/* Begin PBXNativeTarget section */
		42EC4DFD255A51D700E923EB /* Quick Weather */ = {
			isa = PBXNativeTarget;
			buildConfigurationList = 42EC4E12255A51D800E923EB /* Build configuration list for PBXNativeTarget "Quick Weather" */;
			buildPhases = (
				42EC4DFA255A51D700E923EB /* Sources */,
				42EC4DFB255A51D700E923EB /* Frameworks */,
				42EC4DFC255A51D700E923EB /* Resources */,
			);
			buildRules = (
			);
			dependencies = (
			);
			name = "Quick Weather";
			productName = "Quick Weather";
			productReference = 42EC4DFE255A51D700E923EB /* Quick Weather.app */;
			productType = "com.apple.product-type.application";
		};
/* End PBXNativeTarget section */

/* Begin PBXProject section */
		42EC4DF6255A51D700E923EB /* Project object */ = {
			isa = PBXProject;
			attributes = {
				LastSwiftUpdateCheck = 1210;
				LastUpgradeCheck = 1210;
				TargetAttributes = {
					42EC4DFD255A51D700E923EB = {
						CreatedOnToolsVersion = 12.1;
					};
				};
			};
			buildConfigurationList = 42EC4DF9255A51D700E923EB /* Build configuration list for PBXProject "Quick Weather" */;
			compatibilityVersion = "Xcode 9.3";
			developmentRegion = en;
			hasScannedForEncodings = 0;
			knownRegions = (
				en,
				Base,
			);
			mainGroup = 42EC4DF5255A51D700E923EB;
			productRefGroup = 42EC4DFF255A51D700E923EB /* Products */;
			projectDirPath = "";
			projectRoot = "";
			targets = (
				42EC4DFD255A51D700E923EB /* Quick Weather */,
			);
		};
/* End PBXProject section */

/* Begin PBXResourcesBuildPhase section */
		42EC4DFC255A51D700E923EB /* Resources */ = {
			isa = PBXResourcesBuildPhase;
			buildActionMask = 2147483647;
			files = (
				42EC4E0E255A51D800E923EB /* LaunchScreen.storyboard in Resources */,
				42EC4E0B255A51D800E923EB /* Assets.xcassets in Resources */,
				42EC4E09255A51D700E923EB /* Main.storyboard in Resources */,
			);
			runOnlyForDeploymentPostprocessing = 0;
		};
/* End PBXResourcesBuildPhase section */

/* Begin PBXSourcesBuildPhase section */
		42EC4DFA255A51D700E923EB /* Sources */ = {
			isa = PBXSourcesBuildPhase;
			buildActionMask = 2147483647;
			files = (
				42EC4E06255A51D700E923EB /* WeatherViewController.swift in Sources */,
				42EC4E02255A51D700E923EB /* AppDelegate.swift in Sources */,
				42EC4E04255A51D700E923EB /* SceneDelegate.swift in Sources */,
				42EC4E17255A53FC00E923EB /* ChangeCityViewController.swift in Sources */,
			);
			runOnlyForDeploymentPostprocessing = 0;
		};
/* End PBXSourcesBuildPhase section */

/* Begin PBXVariantGroup section */
		42EC4E07255A51D700E923EB /* Main.storyboard */ = {
			isa = PBXVariantGroup;
			children = (
				42EC4E08255A51D700E923EB /* Base */,
			);
			name = Main.storyboard;
			sourceTree = "<group>";
		};
		42EC4E0C255A51D800E923EB /* LaunchScreen.storyboard */ = {
			isa = PBXVariantGroup;
			children = (
				42EC4E0D255A51D800E923EB /* Base */,
			);
			name = LaunchScreen.storyboard;
			sourceTree = "<group>";
		};
/* End PBXVariantGroup section */

/* Begin XCBuildConfiguration section */
		42EC4E10255A51D800E923EB /* Debug */ = {
			isa = XCBuildConfiguration;
			buildSettings = {
				ALWAYS_SEARCH_USER_PATHS = NO;
				CLANG_ANALYZER_NONNULL = YES;
				CLANG_ANALYZER_NUMBER_OBJECT_CONVERSION = YES_AGGRESSIVE;
				CLANG_CXX_LANGUAGE_STANDARD = "gnu++14";
				CLANG_CXX_LIBRARY = "libc++";
				CLANG_ENABLE_MODULES = YES;
				CLANG_ENABLE_OBJC_ARC = YES;
				CLANG_ENABLE_OBJC_WEAK = YES;
				CLANG_WARN_BLOCK_CAPTURE_AUTORELEASING = YES;
				CLANG_WARN_BOOL_CONVERSION = YES;
				CLANG_WARN_COMMA = YES;
				CLANG_WARN_CONSTANT_CONVERSION = YES;
				CLANG_WARN_DEPRECATED_OBJC_IMPLEMENTATIONS = YES;
				CLANG_WARN_DIRECT_OBJC_ISA_USAGE = YES_ERROR;
				CLANG_WARN_DOCUMENTATION_COMMENTS = YES;
				CLANG_WARN_EMPTY_BODY = YES;
				CLANG_WARN_ENUM_CONVERSION = YES;
				CLANG_WARN_INFINITE_RECURSION = YES;
				CLANG_WARN_INT_CONVERSION = YES;
				CLANG_WARN_NON_LITERAL_NULL_CONVERSION = YES;
				CLANG_WARN_OBJC_IMPLICIT_RETAIN_SELF = YES;
				CLANG_WARN_OBJC_LITERAL_CONVERSION = YES;
				CLANG_WARN_OBJC_ROOT_CLASS = YES_ERROR;
				CLANG_WARN_QUOTED_INCLUDE_IN_FRAMEWORK_HEADER = YES;
				CLANG_WARN_RANGE_LOOP_ANALYSIS = YES;
				CLANG_WARN_STRICT_PROTOTYPES = YES;
				CLANG_WARN_SUSPICIOUS_MOVE = YES;
				CLANG_WARN_UNGUARDED_AVAILABILITY = YES_AGGRESSIVE;
				CLANG_WARN_UNREACHABLE_CODE = YES;
				CLANG_WARN__DUPLICATE_METHOD_MATCH = YES;
				COPY_PHASE_STRIP = NO;
				DEBUG_INFORMATION_FORMAT = dwarf;
				ENABLE_STRICT_OBJC_MSGSEND = YES;
				ENABLE_TESTABILITY = YES;
				GCC_C_LANGUAGE_STANDARD = gnu11;
				GCC_DYNAMIC_NO_PIC = NO;
				GCC_NO_COMMON_BLOCKS = YES;
				GCC_OPTIMIZATION_LEVEL = 0;
				GCC_PREPROCESSOR_DEFINITIONS = (
					"DEBUG=1",
					"$(inherited)",
				);
				GCC_WARN_64_TO_32_BIT_CONVERSION = YES;
				GCC_WARN_ABOUT_RETURN_TYPE = YES_ERROR;
				GCC_WARN_UNDECLARED_SELECTOR = YES;
				GCC_WARN_UNINITIALIZED_AUTOS = YES_AGGRESSIVE;
				GCC_WARN_UNUSED_FUNCTION = YES;
				GCC_WARN_UNUSED_VARIABLE = YES;
				IPHONEOS_DEPLOYMENT_TARGET = 14.0;
				MTL_ENABLE_DEBUG_INFO = INCLUDE_SOURCE;
				MTL_FAST_MATH = YES;
				ONLY_ACTIVE_ARCH = YES;
				SDKROOT = iphoneos;
				SWIFT_ACTIVE_COMPILATION_CONDITIONS = DEBUG;
				SWIFT_OPTIMIZATION_LEVEL = "-Onone";
			};
			name = Debug;
		};
		42EC4E11255A51D800E923EB /* Release */ = {
			isa = XCBuildConfiguration;
			buildSettings = {
				ALWAYS_SEARCH_USER_PATHS = NO;
				CLANG_ANALYZER_NONNULL = YES;
				CLANG_ANALYZER_NUMBER_OBJECT_CONVERSION = YES_AGGRESSIVE;
				CLANG_CXX_LANGUAGE_STANDARD = "gnu++14";
				CLANG_CXX_LIBRARY = "libc++";
				CLANG_ENABLE_MODULES = YES;
				CLANG_ENABLE_OBJC_ARC = YES;
				CLANG_ENABLE_OBJC_WEAK = YES;
				CLANG_WARN_BLOCK_CAPTURE_AUTORELEASING = YES;
				CLANG_WARN_BOOL_CONVERSION = YES;
				CLANG_WARN_COMMA = YES;
				CLANG_WARN_CONSTANT_CONVERSION = YES;
				CLANG_WARN_DEPRECATED_OBJC_IMPLEMENTATIONS = YES;
				CLANG_WARN_DIRECT_OBJC_ISA_USAGE = YES_ERROR;
				CLANG_WARN_DOCUMENTATION_COMMENTS = YES;
				CLANG_WARN_EMPTY_BODY = YES;
				CLANG_WARN_ENUM_CONVERSION = YES;
				CLANG_WARN_INFINITE_RECURSION = YES;
				CLANG_WARN_INT_CONVERSION = YES;
				CLANG_WARN_NON_LITERAL_NULL_CONVERSION = YES;
				CLANG_WARN_OBJC_IMPLICIT_RETAIN_SELF = YES;
				CLANG_WARN_OBJC_LITERAL_CONVERSION = YES;
				CLANG_WARN_OBJC_ROOT_CLASS = YES_ERROR;
				CLANG_WARN_QUOTED_INCLUDE_IN_FRAMEWORK_HEADER = YES;
				CLANG_WARN_RANGE_LOOP_ANALYSIS = YES;
				CLANG_WARN_STRICT_PROTOTYPES = YES;
				CLANG_WARN_SUSPICIOUS_MOVE = YES;
				CLANG_WARN_UNGUARDED_AVAILABILITY = YES_AGGRESSIVE;
				CLANG_WARN_UNREACHABLE_CODE = YES;
				CLANG_WARN__DUPLICATE_METHOD_MATCH = YES;
				COPY_PHASE_STRIP = NO;
				DEBUG_INFORMATION_FORMAT = "dwarf-with-dsym";
				ENABLE_NS_ASSERTIONS = NO;
				ENABLE_STRICT_OBJC_MSGSEND = YES;
				GCC_C_LANGUAGE_STANDARD = gnu11;
				GCC_NO_COMMON_BLOCKS = YES;
				GCC_WARN_64_TO_32_BIT_CONVERSION = YES;
				GCC_WARN_ABOUT_RETURN_TYPE = YES_ERROR;
				GCC_WARN_UNDECLARED_SELECTOR = YES;
				GCC_WARN_UNINITIALIZED_AUTOS = YES_AGGRESSIVE;
				GCC_WARN_UNUSED_FUNCTION = YES;
				GCC_WARN_UNUSED_VARIABLE = YES;
				IPHONEOS_DEPLOYMENT_TARGET = 14.0;
				MTL_ENABLE_DEBUG_INFO = NO;
				MTL_FAST_MATH = YES;
				SDKROOT = iphoneos;
				SWIFT_COMPILATION_MODE = wholemodule;
				SWIFT_OPTIMIZATION_LEVEL = "-O";
				VALIDATE_PRODUCT = YES;
			};
			name = Release;
		};
		42EC4E13255A51D800E923EB /* Debug */ = {
			isa = XCBuildConfiguration;
			buildSettings = {
				ASSETCATALOG_COMPILER_APPICON_NAME = AppIcon;
				ASSETCATALOG_COMPILER_GLOBAL_ACCENT_COLOR_NAME = AccentColor;
				CODE_SIGN_STYLE = Automatic;
				DEVELOPMENT_TEAM = 6Q2LTKUN66;
				INFOPLIST_FILE = "Quick Weather/Info.plist";
				IPHONEOS_DEPLOYMENT_TARGET = 14.0;
				LD_RUNPATH_SEARCH_PATHS = (
					"$(inherited)",
					"@executable_path/Frameworks",
				);
				PRODUCT_BUNDLE_IDENTIFIER = "co.saifur.Quick-Weather";
				PRODUCT_NAME = "$(TARGET_NAME)";
				SWIFT_VERSION = 5.0;
				TARGETED_DEVICE_FAMILY = "1,2";
			};
			name = Debug;
		};
		42EC4E14255A51D800E923EB /* Release */ = {
			isa = XCBuildConfiguration;
			buildSettings = {
				ASSETCATALOG_COMPILER_APPICON_NAME = AppIcon;
				ASSETCATALOG_COMPILER_GLOBAL_ACCENT_COLOR_NAME = AccentColor;
				CODE_SIGN_STYLE = Automatic;
				DEVELOPMENT_TEAM = 6Q2LTKUN66;
				INFOPLIST_FILE = "Quick Weather/Info.plist";
				IPHONEOS_DEPLOYMENT_TARGET = 14.0;
				LD_RUNPATH_SEARCH_PATHS = (
					"$(inherited)",
					"@executable_path/Frameworks",
				);
				PRODUCT_BUNDLE_IDENTIFIER = "co.saifur.Quick-Weather";
				PRODUCT_NAME = "$(TARGET_NAME)";
				SWIFT_VERSION = 5.0;
				TARGETED_DEVICE_FAMILY = "1,2";
			};
			name = Release;
		};
/* End XCBuildConfiguration section */

/* Begin XCConfigurationList section */
		42EC4DF9255A51D700E923EB /* Build configuration list for PBXProject "Quick Weather" */ = {
			isa = XCConfigurationList;
			buildConfigurations = (
				42EC4E10255A51D800E923EB /* Debug */,
				42EC4E11255A51D800E923EB /* Release */,
			);
			defaultConfigurationIsVisible = 0;
			defaultConfigurationName = Release;
		};
		42EC4E12255A51D800E923EB /* Build configuration list for PBXNativeTarget "Quick Weather" */ = {
			isa = XCConfigurationList;
			buildConfigurations = (
				42EC4E13255A51D800E923EB /* Debug */,
				42EC4E14255A51D800E923EB /* Release */,
			);
			defaultConfigurationIsVisible = 0;
			defaultConfigurationName = Release;
		};
/* End XCConfigurationList section */
	};
	rootObject = 42EC4DF6255A51D700E923EB /* Project object */;
}
